
Microsoft Visual Studio Solution File, Format Version 12.00
# Visual Studio Version 16
VisualStudioVersion = 16.0.31129.286
MinimumVisualStudioVersion = 10.0.40219.1
Project("{FAE04EC0-301F-11D3-BF4B-00C04F79EFBC}") = "Espeleta_Tic Tac Toe", "Espeleta_Tic Tac Toe.csproj", "{486F7519-9EB7-4991-BF67-0FD76A41F68D}"
EndProject
Global
	GlobalSection(SolutionConfigurationPlatforms) = preSolution
		Debug|Any CPU = Debug|Any CPU
		Release|Any CPU = Release|Any CPU
	EndGlobalSection
	GlobalSection(ProjectConfigurationPlatforms) = postSolution
		{486F7519-9EB7-4991-BF67-0FD76A41F68D}.Debug|Any CPU.ActiveCfg = Debug|Any CPU
		{486F7519-9EB7-4991-BF67-0FD76A41F68D}.Debug|Any CPU.Build.0 = Debug|Any CPU
		{486F7519-9EB7-4991-BF67-0FD76A41F68D}.Release|Any CPU.ActiveCfg = Release|Any CPU
		{486F7519-9EB7-4991-BF67-0FD76A41F68D}.Release|Any CPU.Build.0 = Release|Any CPU
	EndGlobalSection
	GlobalSection(SolutionProperties) = preSolution
		HideSolutionNode = FALSE
	EndGlobalSection
	GlobalSection(ExtensibilityGlobals) = postSolution
		SolutionGuid = {FB4C1700-DA6F-469C-A4B1-26684EB7186C}
	EndGlobalSection
EndGlobal
